
Microsoft Visual Studio Solution File, Format Version 10.00
# Visual Studio 2008
Project("{6989167D-11E4-40FE-8C1A-2192A86A7E90}") = "FlowResistance", "FlowResistance\FlowResistance.vfproj", "{E580DBE5-3B8E-4667-B9F0-78360D80CDEB}"
EndProject
Global
	GlobalSection(SolutionConfigurationPlatforms) = preSolution
		Debug|Win32 = Debug|Win32
		Release|Win32 = Release|Win32
	EndGlobalSection
	GlobalSection(ProjectConfigurationPlatforms) = postSolution
		{E580DBE5-3B8E-4667-B9F0-78360D80CDEB}.Debug|Win32.ActiveCfg = Debug|Win32
		{E580DBE5-3B8E-4667-B9F0-78360D80CDEB}.Debug|Win32.Build.0 = Debug|Win32
		{E580DBE5-3B8E-4667-B9F0-78360D80CDEB}.Release|Win32.ActiveCfg = Release|Win32
		{E580DBE5-3B8E-4667-B9F0-78360D80CDEB}.Release|Win32.Build.0 = Release|Win32
	EndGlobalSection
	GlobalSection(SolutionProperties) = preSolution
		HideSolutionNode = FALSE
	EndGlobalSection
EndGlobal
